// !$*UTF8*$!
{
	archiveVersion = 1;
	classes = {
	};
	objectVersion = 56;
	objects = {

/* Begin PBXBuildFile section */
		A758316F2A900E1000D0A6DE /* AskMeWordApp.swift in Sources */ = {isa = PBXBuildFile; fileRef = A758316E2A900E1000D0A6DE /* AskMeWordApp.swift */; };
		A75831712A900E1000D0A6DE /* ContentView.swift in Sources */ = {isa = PBXBuildFile; fileRef = A75831702A900E1000D0A6DE /* ContentView.swift */; };
		A75831732A900E1100D0A6DE /* Assets.xcassets in Resources */ = {isa = PBXBuildFile; fileRef = A75831722A900E1100D0A6DE /* Assets.xcassets */; };
		A75831762A900E1100D0A6DE /* Preview Assets.xcassets in Resources */ = {isa = PBXBuildFile; fileRef = A75831752A900E1100D0A6DE /* Preview Assets.xcassets */; };
		A7B0F8D52A96B6FD00A9282E /* Rand10ViewModel.swift in Sources */ = {isa = PBXBuildFile; fileRef = A7B0F8D42A96B6FD00A9282E /* Rand10ViewModel.swift */; };
		A7C942492A90AEDB00F2EABB /* WordModel.swift in Sources */ = {isa = PBXBuildFile; fileRef = A7C942482A90AEDB00F2EABB /* WordModel.swift */; };
		A7C9424B2A90B31300F2EABB /* Fetch.swift in Sources */ = {isa = PBXBuildFile; fileRef = A7C9424A2A90B31300F2EABB /* Fetch.swift */; };
		A7C9424E2A90F2BA00F2EABB /* AskMeView.swift in Sources */ = {isa = PBXBuildFile; fileRef = A7C9424D2A90F2BA00F2EABB /* AskMeView.swift */; };
		A7C942502A91425900F2EABB /* TranslateView.swift in Sources */ = {isa = PBXBuildFile; fileRef = A7C9424F2A91425900F2EABB /* TranslateView.swift */; };
		A7CB12EE2A93F74F001C0DB3 /* Rand10View.swift in Sources */ = {isa = PBXBuildFile; fileRef = A7CB12ED2A93F74F001C0DB3 /* Rand10View.swift */; };
		A7D9216C2A952523006CE08E /* Configuration.swift in Sources */ = {isa = PBXBuildFile; fileRef = A7D9216B2A952523006CE08E /* Configuration.swift */; };
		A7D9216E2A95259F006CE08E /* AskMeViewModel.swift in Sources */ = {isa = PBXBuildFile; fileRef = A7D9216D2A95259F006CE08E /* AskMeViewModel.swift */; };
/* End PBXBuildFile section */

/* Begin PBXFileReference section */
		A758316B2A900E1000D0A6DE /* AskMeWord.app */ = {isa = PBXFileReference; explicitFileType = wrapper.application; includeInIndex = 0; path = AskMeWord.app; sourceTree = BUILT_PRODUCTS_DIR; };
		A758316E2A900E1000D0A6DE /* AskMeWordApp.swift */ = {isa = PBXFileReference; lastKnownFileType = sourcecode.swift; path = AskMeWordApp.swift; sourceTree = "<group>"; };
		A75831702A900E1000D0A6DE /* ContentView.swift */ = {isa = PBXFileReference; lastKnownFileType = sourcecode.swift; path = ContentView.swift; sourceTree = "<group>"; };
		A75831722A900E1100D0A6DE /* Assets.xcassets */ = {isa = PBXFileReference; lastKnownFileType = folder.assetcatalog; path = Assets.xcassets; sourceTree = "<group>"; };
		A75831752A900E1100D0A6DE /* Preview Assets.xcassets */ = {isa = PBXFileReference; lastKnownFileType = folder.assetcatalog; path = "Preview Assets.xcassets"; sourceTree = "<group>"; };
		A7B0F8D42A96B6FD00A9282E /* Rand10ViewModel.swift */ = {isa = PBXFileReference; lastKnownFileType = sourcecode.swift; path = Rand10ViewModel.swift; sourceTree = "<group>"; };
		A7C942482A90AEDB00F2EABB /* WordModel.swift */ = {isa = PBXFileReference; lastKnownFileType = sourcecode.swift; path = WordModel.swift; sourceTree = "<group>"; };
		A7C9424A2A90B31300F2EABB /* Fetch.swift */ = {isa = PBXFileReference; lastKnownFileType = sourcecode.swift; path = Fetch.swift; sourceTree = "<group>"; };
		A7C9424D2A90F2BA00F2EABB /* AskMeView.swift */ = {isa = PBXFileReference; lastKnownFileType = sourcecode.swift; path = AskMeView.swift; sourceTree = "<group>"; };
		A7C9424F2A91425900F2EABB /* TranslateView.swift */ = {isa = PBXFileReference; lastKnownFileType = sourcecode.swift; path = TranslateView.swift; sourceTree = "<group>"; };
		A7CB12ED2A93F74F001C0DB3 /* Rand10View.swift */ = {isa = PBXFileReference; lastKnownFileType = sourcecode.swift; path = Rand10View.swift; sourceTree = "<group>"; };
		A7D9216B2A952523006CE08E /* Configuration.swift */ = {isa = PBXFileReference; lastKnownFileType = sourcecode.swift; path = Configuration.swift; sourceTree = "<group>"; };
		A7D9216D2A95259F006CE08E /* AskMeViewModel.swift */ = {isa = PBXFileReference; lastKnownFileType = sourcecode.swift; path = AskMeViewModel.swift; sourceTree = "<group>"; };
/* End PBXFileReference section */

/* Begin PBXFrameworksBuildPhase section */
		A75831682A900E1000D0A6DE /* Frameworks */ = {
			isa = PBXFrameworksBuildPhase;
			buildActionMask = 2147483647;
			files = (
			);
			runOnlyForDeploymentPostprocessing = 0;
		};
/* End PBXFrameworksBuildPhase section */

/* Begin PBXGroup section */
		A75831622A900E1000D0A6DE = {
			isa = PBXGroup;
			children = (
				A758316D2A900E1000D0A6DE /* AskMeWord */,
				A758316C2A900E1000D0A6DE /* Products */,
			);
			sourceTree = "<group>";
		};
		A758316C2A900E1000D0A6DE /* Products */ = {
			isa = PBXGroup;
			children = (
				A758316B2A900E1000D0A6DE /* AskMeWord.app */,
			);
			name = Products;
			sourceTree = "<group>";
		};
		A758316D2A900E1000D0A6DE /* AskMeWord */ = {
			isa = PBXGroup;
			children = (
				A7B0F8D32A96A8D300A9282E /* ViewModel */,
				A7C942472A90AEA900F2EABB /* Model */,
				A758317E2A90122800D0A6DE /* Main */,
				A758317D2A90120C00D0A6DE /* View */,
				A758317C2A9011FA00D0A6DE /* Service */,
				A75831722A900E1100D0A6DE /* Assets.xcassets */,
				A75831742A900E1100D0A6DE /* Preview Content */,
				A7D9216B2A952523006CE08E /* Configuration.swift */,
			);
			path = AskMeWord;
			sourceTree = "<group>";
		};
		A75831742A900E1100D0A6DE /* Preview Content */ = {
			isa = PBXGroup;
			children = (
				A75831752A900E1100D0A6DE /* Preview Assets.xcassets */,
			);
			path = "Preview Content";
			sourceTree = "<group>";
		};
		A758317C2A9011FA00D0A6DE /* Service */ = {
			isa = PBXGroup;
			children = (
				A7C9424A2A90B31300F2EABB /* Fetch.swift */,
			);
			path = Service;
			sourceTree = "<group>";
		};
		A758317D2A90120C00D0A6DE /* View */ = {
			isa = PBXGroup;
			children = (
				A75831702A900E1000D0A6DE /* ContentView.swift */,
				A7C9424D2A90F2BA00F2EABB /* AskMeView.swift */,
				A7C9424F2A91425900F2EABB /* TranslateView.swift */,
				A7CB12ED2A93F74F001C0DB3 /* Rand10View.swift */,
			);
			path = View;
			sourceTree = "<group>";
		};
		A758317E2A90122800D0A6DE /* Main */ = {
			isa = PBXGroup;
			children = (
				A758316E2A900E1000D0A6DE /* AskMeWordApp.swift */,
			);
			path = Main;
			sourceTree = "<group>";
		};
		A7B0F8D32A96A8D300A9282E /* ViewModel */ = {
			isa = PBXGroup;
			children = (
				A7D9216D2A95259F006CE08E /* AskMeViewModel.swift */,
				A7B0F8D42A96B6FD00A9282E /* Rand10ViewModel.swift */,
			);
			path = ViewModel;
			sourceTree = "<group>";
		};
		A7C942472A90AEA900F2EABB /* Model */ = {
			isa = PBXGroup;
			children = (
				A7C942482A90AEDB00F2EABB /* WordModel.swift */,
			);
			path = Model;
			sourceTree = "<group>";
		};
/* End PBXGroup section */

/* Begin PBXNativeTarget section */
		A758316A2A900E1000D0A6DE /* AskMeWord */ = {
			isa = PBXNativeTarget;
			buildConfigurationList = A75831792A900E1100D0A6DE /* Build configuration list for PBXNativeTarget "AskMeWord" */;
			buildPhases = (
				A75831672A900E1000D0A6DE /* Sources */,
				A75831682A900E1000D0A6DE /* Frameworks */,
				A75831692A900E1000D0A6DE /* Resources */,
			);
			buildRules = (
			);
			dependencies = (
			);
			name = AskMeWord;
			productName = AskMeWord;
			productReference = A758316B2A900E1000D0A6DE /* AskMeWord.app */;
			productType = "com.apple.product-type.application";
		};
/* End PBXNativeTarget section */

/* Begin PBXProject section */
		A75831632A900E1000D0A6DE /* Project object */ = {
			isa = PBXProject;
			attributes = {
				BuildIndependentTargetsInParallel = 1;
				LastSwiftUpdateCheck = 1430;
				LastUpgradeCheck = 1430;
				TargetAttributes = {
					A758316A2A900E1000D0A6DE = {
						CreatedOnToolsVersion = 14.3.1;
					};
				};
			};
			buildConfigurationList = A75831662A900E1000D0A6DE /* Build configuration list for PBXProject "AskMeWord" */;
			compatibilityVersion = "Xcode 14.0";
			developmentRegion = en;
			hasScannedForEncodings = 0;
			knownRegions = (
				en,
				Base,
			);
			mainGroup = A75831622A900E1000D0A6DE;
			productRefGroup = A758316C2A900E1000D0A6DE /* Products */;
			projectDirPath = "";
			projectRoot = "";
			targets = (
				A758316A2A900E1000D0A6DE /* AskMeWord */,
			);
		};
/* End PBXProject section */

/* Begin PBXResourcesBuildPhase section */
		A75831692A900E1000D0A6DE /* Resources */ = {
			isa = PBXResourcesBuildPhase;
			buildActionMask = 2147483647;
			files = (
				A75831762A900E1100D0A6DE /* Preview Assets.xcassets in Resources */,
				A75831732A900E1100D0A6DE /* Assets.xcassets in Resources */,
			);
			runOnlyForDeploymentPostprocessing = 0;
		};
/* End PBXResourcesBuildPhase section */

/* Begin PBXSourcesBuildPhase section */
		A75831672A900E1000D0A6DE /* Sources */ = {
			isa = PBXSourcesBuildPhase;
			buildActionMask = 2147483647;
			files = (
				A7C942502A91425900F2EABB /* TranslateView.swift in Sources */,
				A7CB12EE2A93F74F001C0DB3 /* Rand10View.swift in Sources */,
				A7B0F8D52A96B6FD00A9282E /* Rand10ViewModel.swift in Sources */,
				A7C9424B2A90B31300F2EABB /* Fetch.swift in Sources */,
				A7D9216C2A952523006CE08E /* Configuration.swift in Sources */,
				A7C9424E2A90F2BA00F2EABB /* AskMeView.swift in Sources */,
				A75831712A900E1000D0A6DE /* ContentView.swift in Sources */,
				A758316F2A900E1000D0A6DE /* AskMeWordApp.swift in Sources */,
				A7D9216E2A95259F006CE08E /* AskMeViewModel.swift in Sources */,
				A7C942492A90AEDB00F2EABB /* WordModel.swift in Sources */,
			);
			runOnlyForDeploymentPostprocessing = 0;
		};
/* End PBXSourcesBuildPhase section */

/* Begin XCBuildConfiguration section */
		A75831772A900E1100D0A6DE /* Debug */ = {
			isa = XCBuildConfiguration;
			buildSettings = {
				ALWAYS_SEARCH_USER_PATHS = NO;
				CLANG_ANALYZER_NONNULL = YES;
				CLANG_ANALYZER_NUMBER_OBJECT_CONVERSION = YES_AGGRESSIVE;
				CLANG_CXX_LANGUAGE_STANDARD = "gnu++20";
				CLANG_ENABLE_MODULES = YES;
				CLANG_ENABLE_OBJC_ARC = YES;
				CLANG_ENABLE_OBJC_WEAK = YES;
				CLANG_WARN_BLOCK_CAPTURE_AUTORELEASING = YES;
				CLANG_WARN_BOOL_CONVERSION = YES;
				CLANG_WARN_COMMA = YES;
				CLANG_WARN_CONSTANT_CONVERSION = YES;
				CLANG_WARN_DEPRECATED_OBJC_IMPLEMENTATIONS = YES;
				CLANG_WARN_DIRECT_OBJC_ISA_USAGE = YES_ERROR;
				CLANG_WARN_DOCUMENTATION_COMMENTS = YES;
				CLANG_WARN_EMPTY_BODY = YES;
				CLANG_WARN_ENUM_CONVERSION = YES;
				CLANG_WARN_INFINITE_RECURSION = YES;
				CLANG_WARN_INT_CONVERSION = YES;
				CLANG_WARN_NON_LITERAL_NULL_CONVERSION = YES;
				CLANG_WARN_OBJC_IMPLICIT_RETAIN_SELF = YES;
				CLANG_WARN_OBJC_LITERAL_CONVERSION = YES;
				CLANG_WARN_OBJC_ROOT_CLASS = YES_ERROR;
				CLANG_WARN_QUOTED_INCLUDE_IN_FRAMEWORK_HEADER = YES;
				CLANG_WARN_RANGE_LOOP_ANALYSIS = YES;
				CLANG_WARN_STRICT_PROTOTYPES = YES;
				CLANG_WARN_SUSPICIOUS_MOVE = YES;
				CLANG_WARN_UNGUARDED_AVAILABILITY = YES_AGGRESSIVE;
				CLANG_WARN_UNREACHABLE_CODE = YES;
				CLANG_WARN__DUPLICATE_METHOD_MATCH = YES;
				COPY_PHASE_STRIP = NO;
				DEBUG_INFORMATION_FORMAT = dwarf;
				ENABLE_STRICT_OBJC_MSGSEND = YES;
				ENABLE_TESTABILITY = YES;
				GCC_C_LANGUAGE_STANDARD = gnu11;
				GCC_DYNAMIC_NO_PIC = NO;
				GCC_NO_COMMON_BLOCKS = YES;
				GCC_OPTIMIZATION_LEVEL = 0;
				GCC_PREPROCESSOR_DEFINITIONS = (
					"DEBUG=1",
					"$(inherited)",
				);
				GCC_WARN_64_TO_32_BIT_CONVERSION = YES;
				GCC_WARN_ABOUT_RETURN_TYPE = YES_ERROR;
				GCC_WARN_UNDECLARED_SELECTOR = YES;
				GCC_WARN_UNINITIALIZED_AUTOS = YES_AGGRESSIVE;
				GCC_WARN_UNUSED_FUNCTION = YES;
				GCC_WARN_UNUSED_VARIABLE = YES;
				IPHONEOS_DEPLOYMENT_TARGET = 16.4;
				MTL_ENABLE_DEBUG_INFO = INCLUDE_SOURCE;
				MTL_FAST_MATH = YES;
				ONLY_ACTIVE_ARCH = YES;
				SDKROOT = iphoneos;
				SWIFT_ACTIVE_COMPILATION_CONDITIONS = DEBUG;
				SWIFT_OPTIMIZATION_LEVEL = "-Onone";
			};
			name = Debug;
		};
		A75831782A900E1100D0A6DE /* Release */ = {
			isa = XCBuildConfiguration;
			buildSettings = {
				ALWAYS_SEARCH_USER_PATHS = NO;
				CLANG_ANALYZER_NONNULL = YES;
				CLANG_ANALYZER_NUMBER_OBJECT_CONVERSION = YES_AGGRESSIVE;
				CLANG_CXX_LANGUAGE_STANDARD = "gnu++20";
				CLANG_ENABLE_MODULES = YES;
				CLANG_ENABLE_OBJC_ARC = YES;
				CLANG_ENABLE_OBJC_WEAK = YES;
				CLANG_WARN_BLOCK_CAPTURE_AUTORELEASING = YES;
				CLANG_WARN_BOOL_CONVERSION = YES;
				CLANG_WARN_COMMA = YES;
				CLANG_WARN_CONSTANT_CONVERSION = YES;
				CLANG_WARN_DEPRECATED_OBJC_IMPLEMENTATIONS = YES;
				CLANG_WARN_DIRECT_OBJC_ISA_USAGE = YES_ERROR;
				CLANG_WARN_DOCUMENTATION_COMMENTS = YES;
				CLANG_WARN_EMPTY_BODY = YES;
				CLANG_WARN_ENUM_CONVERSION = YES;
				CLANG_WARN_INFINITE_RECURSION = YES;
				CLANG_WARN_INT_CONVERSION = YES;
				CLANG_WARN_NON_LITERAL_NULL_CONVERSION = YES;
				CLANG_WARN_OBJC_IMPLICIT_RETAIN_SELF = YES;
				CLANG_WARN_OBJC_LITERAL_CONVERSION = YES;
				CLANG_WARN_OBJC_ROOT_CLASS = YES_ERROR;
				CLANG_WARN_QUOTED_INCLUDE_IN_FRAMEWORK_HEADER = YES;
				CLANG_WARN_RANGE_LOOP_ANALYSIS = YES;
				CLANG_WARN_STRICT_PROTOTYPES = YES;
				CLANG_WARN_SUSPICIOUS_MOVE = YES;
				CLANG_WARN_UNGUARDED_AVAILABILITY = YES_AGGRESSIVE;
				CLANG_WARN_UNREACHABLE_CODE = YES;
				CLANG_WARN__DUPLICATE_METHOD_MATCH = YES;
				COPY_PHASE_STRIP = NO;
				DEBUG_INFORMATION_FORMAT = "dwarf-with-dsym";
				ENABLE_NS_ASSERTIONS = NO;
				ENABLE_STRICT_OBJC_MSGSEND = YES;
				GCC_C_LANGUAGE_STANDARD = gnu11;
				GCC_NO_COMMON_BLOCKS = YES;
				GCC_WARN_64_TO_32_BIT_CONVERSION = YES;
				GCC_WARN_ABOUT_RETURN_TYPE = YES_ERROR;
				GCC_WARN_UNDECLARED_SELECTOR = YES;
				GCC_WARN_UNINITIALIZED_AUTOS = YES_AGGRESSIVE;
				GCC_WARN_UNUSED_FUNCTION = YES;
				GCC_WARN_UNUSED_VARIABLE = YES;
				IPHONEOS_DEPLOYMENT_TARGET = 16.4;
				MTL_ENABLE_DEBUG_INFO = NO;
				MTL_FAST_MATH = YES;
				SDKROOT = iphoneos;
				SWIFT_COMPILATION_MODE = wholemodule;
				SWIFT_OPTIMIZATION_LEVEL = "-O";
				VALIDATE_PRODUCT = YES;
			};
			name = Release;
		};
		A758317A2A900E1100D0A6DE /* Debug */ = {
			isa = XCBuildConfiguration;
			buildSettings = {
				ASSETCATALOG_COMPILER_APPICON_NAME = AppIcon;
				ASSETCATALOG_COMPILER_GLOBAL_ACCENT_COLOR_NAME = AccentColor;
				CODE_SIGN_STYLE = Automatic;
				CURRENT_PROJECT_VERSION = 1;
				DEVELOPMENT_ASSET_PATHS = "\"AskMeWord/Preview Content\"";
				DEVELOPMENT_TEAM = 2KFZG8YXS8;
				ENABLE_PREVIEWS = YES;
				GENERATE_INFOPLIST_FILE = YES;
				INFOPLIST_KEY_UIApplicationSceneManifest_Generation = YES;
				INFOPLIST_KEY_UIApplicationSupportsIndirectInputEvents = YES;
				INFOPLIST_KEY_UILaunchScreen_Generation = YES;
				INFOPLIST_KEY_UISupportedInterfaceOrientations_iPad = "UIInterfaceOrientationPortrait UIInterfaceOrientationPortraitUpsideDown UIInterfaceOrientationLandscapeLeft UIInterfaceOrientationLandscapeRight";
				INFOPLIST_KEY_UISupportedInterfaceOrientations_iPhone = "UIInterfaceOrientationPortrait UIInterfaceOrientationLandscapeLeft UIInterfaceOrientationLandscapeRight";
				LD_RUNPATH_SEARCH_PATHS = (
					"$(inherited)",
					"@executable_path/Frameworks",
				);
				MARKETING_VERSION = 1.0;
				PRODUCT_BUNDLE_IDENTIFIER = com.faok.AskMeWord;
				PRODUCT_NAME = "$(TARGET_NAME)";
				SWIFT_EMIT_LOC_STRINGS = YES;
				SWIFT_VERSION = 5.0;
				TARGETED_DEVICE_FAMILY = "1,2";
			};
			name = Debug;
		};
		A758317B2A900E1100D0A6DE /* Release */ = {
			isa = XCBuildConfiguration;
			buildSettings = {
				ASSETCATALOG_COMPILER_APPICON_NAME = AppIcon;
				ASSETCATALOG_COMPILER_GLOBAL_ACCENT_COLOR_NAME = AccentColor;
				CODE_SIGN_STYLE = Automatic;
				CURRENT_PROJECT_VERSION = 1;
				DEVELOPMENT_ASSET_PATHS = "\"AskMeWord/Preview Content\"";
				DEVELOPMENT_TEAM = 2KFZG8YXS8;
				ENABLE_PREVIEWS = YES;
				GENERATE_INFOPLIST_FILE = YES;
				INFOPLIST_KEY_UIApplicationSceneManifest_Generation = YES;
				INFOPLIST_KEY_UIApplicationSupportsIndirectInputEvents = YES;
				INFOPLIST_KEY_UILaunchScreen_Generation = YES;
				INFOPLIST_KEY_UISupportedInterfaceOrientations_iPad = "UIInterfaceOrientationPortrait UIInterfaceOrientationPortraitUpsideDown UIInterfaceOrientationLandscapeLeft UIInterfaceOrientationLandscapeRight";
				INFOPLIST_KEY_UISupportedInterfaceOrientations_iPhone = "UIInterfaceOrientationPortrait UIInterfaceOrientationLandscapeLeft UIInterfaceOrientationLandscapeRight";
				LD_RUNPATH_SEARCH_PATHS = (
					"$(inherited)",
					"@executable_path/Frameworks",
				);
				MARKETING_VERSION = 1.0;
				PRODUCT_BUNDLE_IDENTIFIER = com.faok.AskMeWord;
				PRODUCT_NAME = "$(TARGET_NAME)";
				SWIFT_EMIT_LOC_STRINGS = YES;
				SWIFT_VERSION = 5.0;
				TARGETED_DEVICE_FAMILY = "1,2";
			};
			name = Release;
		};
/* End XCBuildConfiguration section */

/* Begin XCConfigurationList section */
		A75831662A900E1000D0A6DE /* Build configuration list for PBXProject "AskMeWord" */ = {
			isa = XCConfigurationList;
			buildConfigurations = (
				A75831772A900E1100D0A6DE /* Debug */,
				A75831782A900E1100D0A6DE /* Release */,
			);
			defaultConfigurationIsVisible = 0;
			defaultConfigurationName = Release;
		};
		A75831792A900E1100D0A6DE /* Build configuration list for PBXNativeTarget "AskMeWord" */ = {
			isa = XCConfigurationList;
			buildConfigurations = (
				A758317A2A900E1100D0A6DE /* Debug */,
				A758317B2A900E1100D0A6DE /* Release */,
			);
			defaultConfigurationIsVisible = 0;
			defaultConfigurationName = Release;
		};
/* End XCConfigurationList section */
	};
	rootObject = A75831632A900E1000D0A6DE /* Project object */;
}
